
Microsoft Visual Studio Solution File, Format Version 12.00
# Visual Studio Version 16
VisualStudioVersion = 16.0.29411.108
MinimumVisualStudioVersion = 10.0.40219.1
Project("{FAE04EC0-301F-11D3-BF4B-00C04F79EFBC}") = "aoc2019", "aoc2019\aoc2019.csproj", "{F8A926B1-0CAF-4395-92EC-5A2687B0BDA5}"
EndProject
Global
	GlobalSection(SolutionConfigurationPlatforms) = preSolution
		Debug|Any CPU = Debug|Any CPU
		Release|Any CPU = Release|Any CPU
	EndGlobalSection
	GlobalSection(ProjectConfigurationPlatforms) = postSolution
		{F8A926B1-0CAF-4395-92EC-5A2687B0BDA5}.Debug|Any CPU.ActiveCfg = Debug|Any CPU
		{F8A926B1-0CAF-4395-92EC-5A2687B0BDA5}.Debug|Any CPU.Build.0 = Debug|Any CPU
		{F8A926B1-0CAF-4395-92EC-5A2687B0BDA5}.Release|Any CPU.ActiveCfg = Release|Any CPU
		{F8A926B1-0CAF-4395-92EC-5A2687B0BDA5}.Release|Any CPU.Build.0 = Release|Any CPU
	EndGlobalSection
	GlobalSection(SolutionProperties) = preSolution
		HideSolutionNode = FALSE
	EndGlobalSection
	GlobalSection(ExtensibilityGlobals) = postSolution
		SolutionGuid = {EEB2E34D-67E5-4B41-9486-0B8C685414BF}
	EndGlobalSection
EndGlobal
